# This file is automatically @generated by Cargo.
# It is not intended for manual editing.
version = 3

[[package]]
name = "atk"
version = "0.6.0"
source = "registry+https://github.com/rust-lang/crates.io-index"
checksum = "7ce8fd2055aa2ce617754c5a701682a06b4b57093cbbcbd8f068622a8debae96"
dependencies = [
 "atk-sys",
 "bitflags",
 "glib",
 "glib-sys",
 "gobject-sys",
 "libc",
]

[[package]]
name = "atk-sys"
version = "0.8.0"
source = "registry+https://github.com/rust-lang/crates.io-index"
checksum = "83744274abbcc2242f845a25cf84b9adb5991eaecc8f7c67cffd69ea636f4ff8"
dependencies = [
 "glib-sys",
 "gobject-sys",
 "libc",
 "pkg-config",
]

[[package]]
name = "bitflags"
version = "1.0.3"
source = "registry+https://github.com/rust-lang/crates.io-index"
checksum = "d0c54bb8f454c567f21197eefcdbf5679d0bd99f2ddbe52e84c77061952e6789"

[[package]]
name = "cairo-rs"
version = "0.6.0"
source = "registry+https://github.com/rust-lang/crates.io-index"
checksum = "9e09d8a818b2ccc8983f04d95a9350c3cf8d24cc456cedca3b88fa3a81fdc0e2"
dependencies = [
 "bitflags",
 "cairo-sys-rs",
 "glib",
 "glib-sys",
 "gobject-sys",
 "libc",
]

[[package]]
name = "cairo-sys-rs"
version = "0.8.0"
source = "registry+https://github.com/rust-lang/crates.io-index"
checksum = "b3fa13914fdc013387afa771f554f2f71d6ae931f4e5be9246c337d60c3dc484"
dependencies = [
 "glib-sys",
 "libc",
 "pkg-config",
 "winapi",
]

[[package]]
name = "cc"
version = "1.0.18"
source = "registry+https://github.com/rust-lang/crates.io-index"
checksum = "2119ea4867bd2b8ed3aecab467709720b2d55b1bcfe09f772fd68066eaf15275"

[[package]]
name = "cfg-if"
version = "0.1.5"
source = "registry+https://github.com/rust-lang/crates.io-index"
checksum = "0c4e7bb64a8ebb0d856483e1e682ea3422f883c5f5615a90d51a2c82fe87fdd3"

[[package]]
name = "const-cstr"
version = "0.3.0"
source = "registry+https://github.com/rust-lang/crates.io-index"
checksum = "ed3d0b5ff30645a68f35ece8cea4556ca14ef8a1651455f789a099a0513532a6"

[[package]]
name = "ctrlc"
version = "3.1.1"
source = "registry+https://github.com/rust-lang/crates.io-index"
checksum = "630391922b1b893692c6334369ff528dcc3a9d8061ccf4c803aa8f83cb13db5e"
dependencies = [
 "nix",
 "winapi",
]

[[package]]
name = "fragile"
version = "0.3.0"
source = "registry+https://github.com/rust-lang/crates.io-index"
checksum = "05f8140122fa0d5dcb9fc8627cfce2b37cc1500f752636d46ea28bc26785c2f9"

[[package]]
name = "gdk"
version = "0.10.0"
source = "registry+https://github.com/rust-lang/crates.io-index"
checksum = "9c229b642a3cf701f92246b131fda2eaabaa5f44f4a255dee65939ebd0ab0141"
dependencies = [
 "bitflags",
 "cairo-rs",
 "cairo-sys-rs",
 "gdk-pixbuf",
 "gdk-sys",
 "gio",
 "gio-sys",
 "glib",
 "glib-sys",
 "gobject-sys",
 "libc",
 "pango",
]

[[package]]
name = "gdk-pixbuf"
version = "0.6.0"
source = "registry+https://github.com/rust-lang/crates.io-index"
checksum = "9a1bcb11b461ff5638f6bf03c9f173d3dc250eabc8e57a60644b6f529d3a7c91"
dependencies = [
 "gdk-pixbuf-sys",
 "gio",
 "gio-sys",
 "glib",
 "glib-sys",
 "gobject-sys",
 "libc",
]

[[package]]
name = "gdk-pixbuf-sys"
version = "0.8.0"
source = "registry+https://github.com/rust-lang/crates.io-index"
checksum = "10e1115ca451907b6d775fc0392641d14c89277662d98828412fb68555e7e8c8"
dependencies = [
 "gio-sys",
 "glib-sys",
 "gobject-sys",
 "libc",
 "pkg-config",
]

[[package]]
name = "gdk-sys"
version = "0.8.0"
source = "registry+https://github.com/rust-lang/crates.io-index"
checksum = "458dc6243bdda4aa1693f5f18231f55b98e9c99c50b3b9bd673cf461ef1710ea"
dependencies = [
 "cairo-sys-rs",
 "gdk-pixbuf-sys",
 "gio-sys",
 "glib-sys",
 "gobject-sys",
 "libc",
 "pango-sys",
 "pkg-config",
]

[[package]]
name = "gio"
version = "0.6.0"
source = "registry+https://github.com/rust-lang/crates.io-index"
checksum = "ff120a666f4a0f41cca7554fbac82defc2562e90eccf3b26a30e6461fa1bbde8"
dependencies = [
 "bitflags",
 "fragile",
 "gio-sys",
 "glib",
 "glib-sys",
 "gobject-sys",
 "lazy_static",
 "libc",
]

[[package]]
name = "gio-sys"
version = "0.8.0"
source = "registry+https://github.com/rust-lang/crates.io-index"
checksum = "04957c40df00dd72f7c9ec8e382b01ff8ed4a904fcd2fa608b7ae7fbaccfda8f"
dependencies = [
 "glib-sys",
 "gobject-sys",
 "libc",
 "pkg-config",
]

[[package]]
name = "glib"
version = "0.7.1"
source = "registry+https://github.com/rust-lang/crates.io-index"
checksum = "0c4e8fdc159c196a5dfa53a92929ac4c10c8a6637ffb43951f3fff89c2cd2365"
dependencies = [
 "bitflags",
 "glib-sys",
 "gobject-sys",
 "lazy_static",
 "libc",
]

[[package]]
name = "glib-sys"
version = "0.8.0"
source = "registry+https://github.com/rust-lang/crates.io-index"
checksum = "5bda542f3caee39a027638e9644ff89204101ad916fd7370b585ad2c5fc97e61"
dependencies = [
 "libc",
 "pkg-config",
]

[[package]]
name = "gobject-sys"
version = "0.8.0"
source = "registry+https://github.com/rust-lang/crates.io-index"
checksum = "23e05a14290d3dc255223cba51db4b0f3da438d5250657996fa99b2a30faf43e"
dependencies = [
 "glib-sys",
 "libc",
 "pkg-config",
]

[[package]]
name = "gtk"
version = "0.6.0"
source = "registry+https://github.com/rust-lang/crates.io-index"
checksum = "b52cfbd8c3e4a000c8374676352f3850c2d62c0f42ef0a993e5d3fcf47e0be64"
dependencies = [
 "atk",
 "bitflags",
 "cairo-rs",
 "cairo-sys-rs",
 "cc",
 "gdk",
 "gdk-pixbuf",
 "gdk-pixbuf-sys",
 "gdk-sys",
 "gio",
 "gio-sys",
 "glib",
 "glib-sys",
 "gobject-sys",
 "gtk-sys",
 "lazy_static",
 "libc",
 "pango",
 "pango-sys",
]

[[package]]
name = "gtk-sys"
version = "0.8.0"
source = "registry+https://github.com/rust-lang/crates.io-index"
checksum = "849835f05d46f605b00ee9fefb6d5921238c570af406f35ee7426ed01cd6795c"
dependencies = [
 "atk-sys",
 "cairo-sys-rs",
 "gdk-pixbuf-sys",
 "gdk-sys",
 "gio-sys",
 "glib-sys",
 "gobject-sys",
 "libc",
 "pango-sys",
 "pkg-config",
]

[[package]]
name = "lazy-panic"
version = "1.0.0"
source = "registry+https://github.com/rust-lang/crates.io-index"
checksum = "20b5b3a76b71eea7c715e733684c930189c74392e3eed2112bbbf7e794c0ea6d"

[[package]]
name = "lazy_static"
version = "1.3.0"
source = "registry+https://github.com/rust-lang/crates.io-index"
checksum = "bc5729f27f159ddd61f4df6228e827e86643d4d3e7c32183cb30a1c08f604a14"

[[package]]
name = "libc"
version = "0.2.43"
source = "registry+https://github.com/rust-lang/crates.io-index"
checksum = "76e3a3ef172f1a0b9a9ff0dd1491ae5e6c948b94479a3021819ba7d860c8645d"

[[package]]
name = "movie"
version = "0.1.0"
source = "registry+https://github.com/rust-lang/crates.io-index"
checksum = "f8cf3393b9e8a91eabc6c62259398299653db1327fbdc1885e783344c917cde4"
dependencies = [
 "movie_derive",
 "movie_utils",
]

[[package]]
name = "movie_derive"
version = "0.1.0"
source = "registry+https://github.com/rust-lang/crates.io-index"
checksum = "3b26f4f92f182b96a91978393f2b0159b45957f9f7671f3bac1ced13ec0c9170"
dependencies = [
 "movie_utils",
]

[[package]]
name = "movie_utils"
version = "0.1.0"
source = "registry+https://github.com/rust-lang/crates.io-index"
checksum = "41e8832b1512d3093ceec1deea9cea43ad46e0c74163f7cef303452a48d216c8"

[[package]]
name = "nix"
version = "0.11.0"
source = "registry+https://github.com/rust-lang/crates.io-index"
checksum = "d37e713a259ff641624b6cb20e3b12b2952313ba36b6823c0f16e6cfd9e5de17"
dependencies = [
 "bitflags",
 "cc",
 "cfg-if",
 "libc",
 "void",
]

[[package]]
name = "pango"
version = "0.6.0"
source = "registry+https://github.com/rust-lang/crates.io-index"
checksum = "4e36b55d7cd522bd183efeb3dfabc547bda1f26eadf8a1241dac09ab3fd3242c"
dependencies = [
 "bitflags",
 "glib",
 "glib-sys",
 "gobject-sys",
 "lazy_static",
 "libc",
 "pango-sys",
]

[[package]]
name = "pango-sys"
version = "0.8.0"
source = "registry+https://github.com/rust-lang/crates.io-index"
checksum = "747ab9cd4d537e6dc5ef0e4308c10dde8b706673b0237fed4e056b8d2c0b23c8"
dependencies = [
 "glib-sys",
 "gobject-sys",
 "libc",
 "pkg-config",
]

[[package]]
name = "pkg-config"
version = "0.3.13"
source = "registry+https://github.com/rust-lang/crates.io-index"
checksum = "104630aa1c83213cbc76db0703630fcb0421dac3585063be4ce9a8a2feeaa745"

[[package]]
name = "proc-macro2"
version = "0.4.12"
source = "registry+https://github.com/rust-lang/crates.io-index"
checksum = "7a17a4d77bc20d344179de803a34694c0ac7a0b3fb4384bee99783215a8e0410"
dependencies = [
 "unicode-xid",
]

[[package]]
name = "quote"
version = "0.6.6"
source = "registry+https://github.com/rust-lang/crates.io-index"
checksum = "ed7d650913520df631972f21e104a4fa2f9c82a14afc65d17b388a2e29731e7c"
dependencies = [
 "proc-macro2",
]

[[package]]
name = "serde"
version = "1.0.89"
source = "registry+https://github.com/rust-lang/crates.io-index"
checksum = "92514fb95f900c9b5126e32d020f5c6d40564c27a5ea6d1d7d9f157a96623560"

[[package]]
name = "serde_derive"
version = "1.0.89"
source = "registry+https://github.com/rust-lang/crates.io-index"
checksum = "bb6eabf4b5914e88e24eea240bb7c9f9a2cbc1bbbe8d961d381975ec3c6b806c"
dependencies = [
 "proc-macro2",
 "quote",
 "syn",
]

[[package]]
name = "static_assets"
version = "0.1.1"
source = "registry+https://github.com/rust-lang/crates.io-index"
checksum = "3638b8c57a783e85fa638b71595d5afb477879804021943f6e51e9026f80de30"

[[package]]
name = "syn"
version = "0.15.29"
source = "registry+https://github.com/rust-lang/crates.io-index"
checksum = "1825685f977249735d510a242a6727b46efe914bb67e38d30c071b1b72b1d5c2"
dependencies = [
 "proc-macro2",
 "quote",
 "unicode-xid",
]

[[package]]
name = "toml"
version = "0.5.0"
source = "registry+https://github.com/rust-lang/crates.io-index"
checksum = "87c5890a989fa47ecdc7bcb4c63a77a82c18f306714104b1decfd722db17b39e"
dependencies = [
 "serde",
]

[[package]]
name = "unicode-xid"
version = "0.1.0"
source = "registry+https://github.com/rust-lang/crates.io-index"
checksum = "fc72304796d0818e357ead4e000d19c9c174ab23dc11093ac919054d20a6a7fc"

[[package]]
name = "void"
version = "1.0.2"
source = "registry+https://github.com/rust-lang/crates.io-index"
checksum = "6a02e4885ed3bc0f2de90ea6dd45ebcbb66dacffe03547fadbb0eeae2770887d"

[[package]]
name = "winapi"
version = "0.3.5"
source = "registry+https://github.com/rust-lang/crates.io-index"
checksum = "773ef9dcc5f24b7d850d0ff101e542ff24c3b090a9768e03ff889fdef41f00fd"
dependencies = [
 "winapi-i686-pc-windows-gnu",
 "winapi-x86_64-pc-windows-gnu",
]

[[package]]
name = "winapi-i686-pc-windows-gnu"
version = "0.4.0"
source = "registry+https://github.com/rust-lang/crates.io-index"
checksum = "ac3b87c63620426dd9b991e5ce0329eff545bccbbb34f3be09ff6fb6ab51b7b6"

[[package]]
name = "winapi-x86_64-pc-windows-gnu"
version = "0.4.0"
source = "registry+https://github.com/rust-lang/crates.io-index"
checksum = "712e227841d057c1ee1cd2fb22fa7e5a5461ae8e48fa2ca79ec42cfc1931183f"

[[package]]
name = "x11"
version = "2.18.1"
source = "registry+https://github.com/rust-lang/crates.io-index"
checksum = "39697e3123f715483d311b5826e254b6f3cfebdd83cf7ef3358f579c3d68e235"
dependencies = [
 "libc",
 "pkg-config",
]

[[package]]
name = "x11-input-supercharger"
version = "0.5.0-alpha"
dependencies = [
 "const-cstr",
 "ctrlc",
 "gtk",
 "lazy-panic",
 "movie",
 "serde",
 "serde_derive",
 "static_assets",
 "toml",
 "x11",
]
